// !$*UTF8*$!
{
	archiveVersion = 1;
	classes = {
	};
	objectVersion = 50;
	objects = {

/* Begin PBXBuildFile section */
		9342CE67228717F3008C0470 /* AppDelegate.swift in Sources */ = {isa = PBXBuildFile; fileRef = 9342CE66228717F3008C0470 /* AppDelegate.swift */; };
		9342CE69228717F3008C0470 /* MoviesViewController.swift in Sources */ = {isa = PBXBuildFile; fileRef = 9342CE68228717F3008C0470 /* MoviesViewController.swift */; };
		9342CE6C228717F3008C0470 /* Main.storyboard in Resources */ = {isa = PBXBuildFile; fileRef = 9342CE6A228717F3008C0470 /* Main.storyboard */; };
		9342CE6E228717F4008C0470 /* Assets.xcassets in Resources */ = {isa = PBXBuildFile; fileRef = 9342CE6D228717F4008C0470 /* Assets.xcassets */; };
		9342CE71228717F4008C0470 /* LaunchScreen.storyboard in Resources */ = {isa = PBXBuildFile; fileRef = 9342CE6F228717F4008C0470 /* LaunchScreen.storyboard */; };
		9342CE7C228717F4008C0470 /* MovieRatingTests.swift in Sources */ = {isa = PBXBuildFile; fileRef = 9342CE7B228717F4008C0470 /* MovieRatingTests.swift */; };
		9342CE87228717F4008C0470 /* MovieRatingUITests.swift in Sources */ = {isa = PBXBuildFile; fileRef = 9342CE86228717F4008C0470 /* MovieRatingUITests.swift */; };
		9342CE952287215A008C0470 /* top10imdb.json in Resources */ = {isa = PBXBuildFile; fileRef = 9342CE942287215A008C0470 /* top10imdb.json */; };
		9342CE97228721B2008C0470 /* Movie.swift in Sources */ = {isa = PBXBuildFile; fileRef = 9342CE96228721B2008C0470 /* Movie.swift */; };
		9342CE9B22872236008C0470 /* MoviesPresenter.swift in Sources */ = {isa = PBXBuildFile; fileRef = 9342CE9A22872236008C0470 /* MoviesPresenter.swift */; };
		9342CE9D2287239B008C0470 /* MovieCell.swift in Sources */ = {isa = PBXBuildFile; fileRef = 9342CE9C2287239B008C0470 /* MovieCell.swift */; };
		9342CE9F22872551008C0470 /* MovieLoader.swift in Sources */ = {isa = PBXBuildFile; fileRef = 9342CE9E22872551008C0470 /* MovieLoader.swift */; };
/* End PBXBuildFile section */

/* Begin PBXContainerItemProxy section */
		9342CE78228717F4008C0470 /* PBXContainerItemProxy */ = {
			isa = PBXContainerItemProxy;
			containerPortal = 9342CE5B228717F3008C0470 /* Project object */;
			proxyType = 1;
			remoteGlobalIDString = 9342CE62228717F3008C0470;
			remoteInfo = MovieRating;
		};
		9342CE83228717F4008C0470 /* PBXContainerItemProxy */ = {
			isa = PBXContainerItemProxy;
			containerPortal = 9342CE5B228717F3008C0470 /* Project object */;
			proxyType = 1;
			remoteGlobalIDString = 9342CE62228717F3008C0470;
			remoteInfo = MovieRating;
		};
/* End PBXContainerItemProxy section */

/* Begin PBXFileReference section */
		9342CE63228717F3008C0470 /* MovieRating.app */ = {isa = PBXFileReference; explicitFileType = wrapper.application; includeInIndex = 0; path = MovieRating.app; sourceTree = BUILT_PRODUCTS_DIR; };
		9342CE66228717F3008C0470 /* AppDelegate.swift */ = {isa = PBXFileReference; lastKnownFileType = sourcecode.swift; path = AppDelegate.swift; sourceTree = "<group>"; };
		9342CE68228717F3008C0470 /* MoviesViewController.swift */ = {isa = PBXFileReference; lastKnownFileType = sourcecode.swift; path = MoviesViewController.swift; sourceTree = "<group>"; };
		9342CE6B228717F3008C0470 /* Base */ = {isa = PBXFileReference; lastKnownFileType = file.storyboard; name = Base; path = Base.lproj/Main.storyboard; sourceTree = "<group>"; };
		9342CE6D228717F4008C0470 /* Assets.xcassets */ = {isa = PBXFileReference; lastKnownFileType = folder.assetcatalog; path = Assets.xcassets; sourceTree = "<group>"; };
		9342CE70228717F4008C0470 /* Base */ = {isa = PBXFileReference; lastKnownFileType = file.storyboard; name = Base; path = Base.lproj/LaunchScreen.storyboard; sourceTree = "<group>"; };
		9342CE72228717F4008C0470 /* Info.plist */ = {isa = PBXFileReference; lastKnownFileType = text.plist.xml; path = Info.plist; sourceTree = "<group>"; };
		9342CE77228717F4008C0470 /* MovieRatingTests.xctest */ = {isa = PBXFileReference; explicitFileType = wrapper.cfbundle; includeInIndex = 0; path = MovieRatingTests.xctest; sourceTree = BUILT_PRODUCTS_DIR; };
		9342CE7B228717F4008C0470 /* MovieRatingTests.swift */ = {isa = PBXFileReference; lastKnownFileType = sourcecode.swift; path = MovieRatingTests.swift; sourceTree = "<group>"; };
		9342CE7D228717F4008C0470 /* Info.plist */ = {isa = PBXFileReference; lastKnownFileType = text.plist.xml; path = Info.plist; sourceTree = "<group>"; };
		9342CE82228717F4008C0470 /* MovieRatingUITests.xctest */ = {isa = PBXFileReference; explicitFileType = wrapper.cfbundle; includeInIndex = 0; path = MovieRatingUITests.xctest; sourceTree = BUILT_PRODUCTS_DIR; };
		9342CE86228717F4008C0470 /* MovieRatingUITests.swift */ = {isa = PBXFileReference; lastKnownFileType = sourcecode.swift; path = MovieRatingUITests.swift; sourceTree = "<group>"; };
		9342CE88228717F4008C0470 /* Info.plist */ = {isa = PBXFileReference; lastKnownFileType = text.plist.xml; path = Info.plist; sourceTree = "<group>"; };
		9342CE942287215A008C0470 /* top10imdb.json */ = {isa = PBXFileReference; fileEncoding = 4; lastKnownFileType = text.json; path = top10imdb.json; sourceTree = "<group>"; };
		9342CE96228721B2008C0470 /* Movie.swift */ = {isa = PBXFileReference; lastKnownFileType = sourcecode.swift; path = Movie.swift; sourceTree = "<group>"; };
		9342CE9A22872236008C0470 /* MoviesPresenter.swift */ = {isa = PBXFileReference; lastKnownFileType = sourcecode.swift; path = MoviesPresenter.swift; sourceTree = "<group>"; };
		9342CE9C2287239B008C0470 /* MovieCell.swift */ = {isa = PBXFileReference; lastKnownFileType = sourcecode.swift; path = MovieCell.swift; sourceTree = "<group>"; };
		9342CE9E22872551008C0470 /* MovieLoader.swift */ = {isa = PBXFileReference; lastKnownFileType = sourcecode.swift; path = MovieLoader.swift; sourceTree = "<group>"; };
/* End PBXFileReference section */

/* Begin PBXFrameworksBuildPhase section */
		9342CE60228717F3008C0470 /* Frameworks */ = {
			isa = PBXFrameworksBuildPhase;
			buildActionMask = 2147483647;
			files = (
			);
			runOnlyForDeploymentPostprocessing = 0;
		};
		9342CE74228717F4008C0470 /* Frameworks */ = {
			isa = PBXFrameworksBuildPhase;
			buildActionMask = 2147483647;
			files = (
			);
			runOnlyForDeploymentPostprocessing = 0;
		};
		9342CE7F228717F4008C0470 /* Frameworks */ = {
			isa = PBXFrameworksBuildPhase;
			buildActionMask = 2147483647;
			files = (
			);
			runOnlyForDeploymentPostprocessing = 0;
		};
/* End PBXFrameworksBuildPhase section */

/* Begin PBXGroup section */
		9342CE5A228717F3008C0470 = {
			isa = PBXGroup;
			children = (
				9342CE65228717F3008C0470 /* MovieRating */,
				9342CE7A228717F4008C0470 /* MovieRatingTests */,
				9342CE85228717F4008C0470 /* MovieRatingUITests */,
				9342CE64228717F3008C0470 /* Products */,
			);
			sourceTree = "<group>";
		};
		9342CE64228717F3008C0470 /* Products */ = {
			isa = PBXGroup;
			children = (
				9342CE63228717F3008C0470 /* MovieRating.app */,
				9342CE77228717F4008C0470 /* MovieRatingTests.xctest */,
				9342CE82228717F4008C0470 /* MovieRatingUITests.xctest */,
			);
			name = Products;
			sourceTree = "<group>";
		};
		9342CE65228717F3008C0470 /* MovieRating */ = {
			isa = PBXGroup;
			children = (
				9342CE66228717F3008C0470 /* AppDelegate.swift */,
				9342CE9C2287239B008C0470 /* MovieCell.swift */,
				9342CE68228717F3008C0470 /* MoviesViewController.swift */,
				9342CE9A22872236008C0470 /* MoviesPresenter.swift */,
				9342CE9E22872551008C0470 /* MovieLoader.swift */,
				9342CE96228721B2008C0470 /* Movie.swift */,
				9342CE6A228717F3008C0470 /* Main.storyboard */,
				9342CE6D228717F4008C0470 /* Assets.xcassets */,
				9342CE6F228717F4008C0470 /* LaunchScreen.storyboard */,
				9342CE72228717F4008C0470 /* Info.plist */,
				9342CE942287215A008C0470 /* top10imdb.json */,
			);
			path = MovieRating;
			sourceTree = "<group>";
		};
		9342CE7A228717F4008C0470 /* MovieRatingTests */ = {
			isa = PBXGroup;
			children = (
				9342CE7B228717F4008C0470 /* MovieRatingTests.swift */,
				9342CE7D228717F4008C0470 /* Info.plist */,
			);
			path = MovieRatingTests;
			sourceTree = "<group>";
		};
		9342CE85228717F4008C0470 /* MovieRatingUITests */ = {
			isa = PBXGroup;
			children = (
				9342CE86228717F4008C0470 /* MovieRatingUITests.swift */,
				9342CE88228717F4008C0470 /* Info.plist */,
			);
			path = MovieRatingUITests;
			sourceTree = "<group>";
		};
/* End PBXGroup section */

/* Begin PBXNativeTarget section */
		9342CE62228717F3008C0470 /* MovieRating */ = {
			isa = PBXNativeTarget;
			buildConfigurationList = 9342CE8B228717F4008C0470 /* Build configuration list for PBXNativeTarget "MovieRating" */;
			buildPhases = (
				9342CE5F228717F3008C0470 /* Sources */,
				9342CE60228717F3008C0470 /* Frameworks */,
				9342CE61228717F3008C0470 /* Resources */,
			);
			buildRules = (
			);
			dependencies = (
			);
			name = MovieRating;
			productName = MovieRating;
			productReference = 9342CE63228717F3008C0470 /* MovieRating.app */;
			productType = "com.apple.product-type.application";
		};
		9342CE76228717F4008C0470 /* MovieRatingTests */ = {
			isa = PBXNativeTarget;
			buildConfigurationList = 9342CE8E228717F4008C0470 /* Build configuration list for PBXNativeTarget "MovieRatingTests" */;
			buildPhases = (
				9342CE73228717F4008C0470 /* Sources */,
				9342CE74228717F4008C0470 /* Frameworks */,
				9342CE75228717F4008C0470 /* Resources */,
			);
			buildRules = (
			);
			dependencies = (
				9342CE79228717F4008C0470 /* PBXTargetDependency */,
			);
			name = MovieRatingTests;
			productName = MovieRatingTests;
			productReference = 9342CE77228717F4008C0470 /* MovieRatingTests.xctest */;
			productType = "com.apple.product-type.bundle.unit-test";
		};
		9342CE81228717F4008C0470 /* MovieRatingUITests */ = {
			isa = PBXNativeTarget;
			buildConfigurationList = 9342CE91228717F4008C0470 /* Build configuration list for PBXNativeTarget "MovieRatingUITests" */;
			buildPhases = (
				9342CE7E228717F4008C0470 /* Sources */,
				9342CE7F228717F4008C0470 /* Frameworks */,
				9342CE80228717F4008C0470 /* Resources */,
			);
			buildRules = (
			);
			dependencies = (
				9342CE84228717F4008C0470 /* PBXTargetDependency */,
			);
			name = MovieRatingUITests;
			productName = MovieRatingUITests;
			productReference = 9342CE82228717F4008C0470 /* MovieRatingUITests.xctest */;
			productType = "com.apple.product-type.bundle.ui-testing";
		};
/* End PBXNativeTarget section */

/* Begin PBXProject section */
		9342CE5B228717F3008C0470 /* Project object */ = {
			isa = PBXProject;
			attributes = {
				LastSwiftUpdateCheck = 1020;
				LastUpgradeCheck = 1020;
				ORGANIZATIONNAME = cagatay;
				TargetAttributes = {
					9342CE62228717F3008C0470 = {
						CreatedOnToolsVersion = 10.2.1;
					};
					9342CE76228717F4008C0470 = {
						CreatedOnToolsVersion = 10.2.1;
						TestTargetID = 9342CE62228717F3008C0470;
					};
					9342CE81228717F4008C0470 = {
						CreatedOnToolsVersion = 10.2.1;
						TestTargetID = 9342CE62228717F3008C0470;
					};
				};
			};
			buildConfigurationList = 9342CE5E228717F3008C0470 /* Build configuration list for PBXProject "MovieRating" */;
			compatibilityVersion = "Xcode 9.3";
			developmentRegion = en;
			hasScannedForEncodings = 0;
			knownRegions = (
				en,
				Base,
			);
			mainGroup = 9342CE5A228717F3008C0470;
			productRefGroup = 9342CE64228717F3008C0470 /* Products */;
			projectDirPath = "";
			projectRoot = "";
			targets = (
				9342CE62228717F3008C0470 /* MovieRating */,
				9342CE76228717F4008C0470 /* MovieRatingTests */,
				9342CE81228717F4008C0470 /* MovieRatingUITests */,
			);
		};
/* End PBXProject section */

/* Begin PBXResourcesBuildPhase section */
		9342CE61228717F3008C0470 /* Resources */ = {
			isa = PBXResourcesBuildPhase;
			buildActionMask = 2147483647;
			files = (
				9342CE71228717F4008C0470 /* LaunchScreen.storyboard in Resources */,
				9342CE6E228717F4008C0470 /* Assets.xcassets in Resources */,
				9342CE952287215A008C0470 /* top10imdb.json in Resources */,
				9342CE6C228717F3008C0470 /* Main.storyboard in Resources */,
			);
			runOnlyForDeploymentPostprocessing = 0;
		};
		9342CE75228717F4008C0470 /* Resources */ = {
			isa = PBXResourcesBuildPhase;
			buildActionMask = 2147483647;
			files = (
			);
			runOnlyForDeploymentPostprocessing = 0;
		};
		9342CE80228717F4008C0470 /* Resources */ = {
			isa = PBXResourcesBuildPhase;
			buildActionMask = 2147483647;
			files = (
			);
			runOnlyForDeploymentPostprocessing = 0;
		};
/* End PBXResourcesBuildPhase section */

/* Begin PBXSourcesBuildPhase section */
		9342CE5F228717F3008C0470 /* Sources */ = {
			isa = PBXSourcesBuildPhase;
			buildActionMask = 2147483647;
			files = (
				9342CE69228717F3008C0470 /* MoviesViewController.swift in Sources */,
				9342CE67228717F3008C0470 /* AppDelegate.swift in Sources */,
				9342CE9D2287239B008C0470 /* MovieCell.swift in Sources */,
				9342CE97228721B2008C0470 /* Movie.swift in Sources */,
				9342CE9B22872236008C0470 /* MoviesPresenter.swift in Sources */,
				9342CE9F22872551008C0470 /* MovieLoader.swift in Sources */,
			);
			runOnlyForDeploymentPostprocessing = 0;
		};
		9342CE73228717F4008C0470 /* Sources */ = {
			isa = PBXSourcesBuildPhase;
			buildActionMask = 2147483647;
			files = (
				9342CE7C228717F4008C0470 /* MovieRatingTests.swift in Sources */,
			);
			runOnlyForDeploymentPostprocessing = 0;
		};
		9342CE7E228717F4008C0470 /* Sources */ = {
			isa = PBXSourcesBuildPhase;
			buildActionMask = 2147483647;
			files = (
				9342CE87228717F4008C0470 /* MovieRatingUITests.swift in Sources */,
			);
			runOnlyForDeploymentPostprocessing = 0;
		};
/* End PBXSourcesBuildPhase section */

/* Begin PBXTargetDependency section */
		9342CE79228717F4008C0470 /* PBXTargetDependency */ = {
			isa = PBXTargetDependency;
			target = 9342CE62228717F3008C0470 /* MovieRating */;
			targetProxy = 9342CE78228717F4008C0470 /* PBXContainerItemProxy */;
		};
		9342CE84228717F4008C0470 /* PBXTargetDependency */ = {
			isa = PBXTargetDependency;
			target = 9342CE62228717F3008C0470 /* MovieRating */;
			targetProxy = 9342CE83228717F4008C0470 /* PBXContainerItemProxy */;
		};
/* End PBXTargetDependency section */

/* Begin PBXVariantGroup section */
		9342CE6A228717F3008C0470 /* Main.storyboard */ = {
			isa = PBXVariantGroup;
			children = (
				9342CE6B228717F3008C0470 /* Base */,
			);
			name = Main.storyboard;
			sourceTree = "<group>";
		};
		9342CE6F228717F4008C0470 /* LaunchScreen.storyboard */ = {
			isa = PBXVariantGroup;
			children = (
				9342CE70228717F4008C0470 /* Base */,
			);
			name = LaunchScreen.storyboard;
			sourceTree = "<group>";
		};
/* End PBXVariantGroup section */

/* Begin XCBuildConfiguration section */
		9342CE89228717F4008C0470 /* Debug */ = {
			isa = XCBuildConfiguration;
			buildSettings = {
				ALWAYS_SEARCH_USER_PATHS = NO;
				CLANG_ANALYZER_NONNULL = YES;
				CLANG_ANALYZER_NUMBER_OBJECT_CONVERSION = YES_AGGRESSIVE;
				CLANG_CXX_LANGUAGE_STANDARD = "gnu++14";
				CLANG_CXX_LIBRARY = "libc++";
				CLANG_ENABLE_MODULES = YES;
				CLANG_ENABLE_OBJC_ARC = YES;
				CLANG_ENABLE_OBJC_WEAK = YES;
				CLANG_WARN_BLOCK_CAPTURE_AUTORELEASING = YES;
				CLANG_WARN_BOOL_CONVERSION = YES;
				CLANG_WARN_COMMA = YES;
				CLANG_WARN_CONSTANT_CONVERSION = YES;
				CLANG_WARN_DEPRECATED_OBJC_IMPLEMENTATIONS = YES;
				CLANG_WARN_DIRECT_OBJC_ISA_USAGE = YES_ERROR;
				CLANG_WARN_DOCUMENTATION_COMMENTS = YES;
				CLANG_WARN_EMPTY_BODY = YES;
				CLANG_WARN_ENUM_CONVERSION = YES;
				CLANG_WARN_INFINITE_RECURSION = YES;
				CLANG_WARN_INT_CONVERSION = YES;
				CLANG_WARN_NON_LITERAL_NULL_CONVERSION = YES;
				CLANG_WARN_OBJC_IMPLICIT_RETAIN_SELF = YES;
				CLANG_WARN_OBJC_LITERAL_CONVERSION = YES;
				CLANG_WARN_OBJC_ROOT_CLASS = YES_ERROR;
				CLANG_WARN_RANGE_LOOP_ANALYSIS = YES;
				CLANG_WARN_STRICT_PROTOTYPES = YES;
				CLANG_WARN_SUSPICIOUS_MOVE = YES;
				CLANG_WARN_UNGUARDED_AVAILABILITY = YES_AGGRESSIVE;
				CLANG_WARN_UNREACHABLE_CODE = YES;
				CLANG_WARN__DUPLICATE_METHOD_MATCH = YES;
				CODE_SIGN_IDENTITY = "iPhone Developer";
				COPY_PHASE_STRIP = NO;
				DEBUG_INFORMATION_FORMAT = dwarf;
				ENABLE_STRICT_OBJC_MSGSEND = YES;
				ENABLE_TESTABILITY = YES;
				GCC_C_LANGUAGE_STANDARD = gnu11;
				GCC_DYNAMIC_NO_PIC = NO;
				GCC_NO_COMMON_BLOCKS = YES;
				GCC_OPTIMIZATION_LEVEL = 0;
				GCC_PREPROCESSOR_DEFINITIONS = (
					"DEBUG=1",
					"$(inherited)",
				);
				GCC_WARN_64_TO_32_BIT_CONVERSION = YES;
				GCC_WARN_ABOUT_RETURN_TYPE = YES_ERROR;
				GCC_WARN_UNDECLARED_SELECTOR = YES;
				GCC_WARN_UNINITIALIZED_AUTOS = YES_AGGRESSIVE;
				GCC_WARN_UNUSED_FUNCTION = YES;
				GCC_WARN_UNUSED_VARIABLE = YES;
				IPHONEOS_DEPLOYMENT_TARGET = 12.2;
				MTL_ENABLE_DEBUG_INFO = INCLUDE_SOURCE;
				MTL_FAST_MATH = YES;
				ONLY_ACTIVE_ARCH = YES;
				SDKROOT = iphoneos;
				SWIFT_ACTIVE_COMPILATION_CONDITIONS = DEBUG;
				SWIFT_OPTIMIZATION_LEVEL = "-Onone";
			};
			name = Debug;
		};
		9342CE8A228717F4008C0470 /* Release */ = {
			isa = XCBuildConfiguration;
			buildSettings = {
				ALWAYS_SEARCH_USER_PATHS = NO;
				CLANG_ANALYZER_NONNULL = YES;
				CLANG_ANALYZER_NUMBER_OBJECT_CONVERSION = YES_AGGRESSIVE;
				CLANG_CXX_LANGUAGE_STANDARD = "gnu++14";
				CLANG_CXX_LIBRARY = "libc++";
				CLANG_ENABLE_MODULES = YES;
				CLANG_ENABLE_OBJC_ARC = YES;
				CLANG_ENABLE_OBJC_WEAK = YES;
				CLANG_WARN_BLOCK_CAPTURE_AUTORELEASING = YES;
				CLANG_WARN_BOOL_CONVERSION = YES;
				CLANG_WARN_COMMA = YES;
				CLANG_WARN_CONSTANT_CONVERSION = YES;
				CLANG_WARN_DEPRECATED_OBJC_IMPLEMENTATIONS = YES;
				CLANG_WARN_DIRECT_OBJC_ISA_USAGE = YES_ERROR;
				CLANG_WARN_DOCUMENTATION_COMMENTS = YES;
				CLANG_WARN_EMPTY_BODY = YES;
				CLANG_WARN_ENUM_CONVERSION = YES;
				CLANG_WARN_INFINITE_RECURSION = YES;
				CLANG_WARN_INT_CONVERSION = YES;
				CLANG_WARN_NON_LITERAL_NULL_CONVERSION = YES;
				CLANG_WARN_OBJC_IMPLICIT_RETAIN_SELF = YES;
				CLANG_WARN_OBJC_LITERAL_CONVERSION = YES;
				CLANG_WARN_OBJC_ROOT_CLASS = YES_ERROR;
				CLANG_WARN_RANGE_LOOP_ANALYSIS = YES;
				CLANG_WARN_STRICT_PROTOTYPES = YES;
				CLANG_WARN_SUSPICIOUS_MOVE = YES;
				CLANG_WARN_UNGUARDED_AVAILABILITY = YES_AGGRESSIVE;
				CLANG_WARN_UNREACHABLE_CODE = YES;
				CLANG_WARN__DUPLICATE_METHOD_MATCH = YES;
				CODE_SIGN_IDENTITY = "iPhone Developer";
				COPY_PHASE_STRIP = NO;
				DEBUG_INFORMATION_FORMAT = "dwarf-with-dsym";
				ENABLE_NS_ASSERTIONS = NO;
				ENABLE_STRICT_OBJC_MSGSEND = YES;
				GCC_C_LANGUAGE_STANDARD = gnu11;
				GCC_NO_COMMON_BLOCKS = YES;
				GCC_WARN_64_TO_32_BIT_CONVERSION = YES;
				GCC_WARN_ABOUT_RETURN_TYPE = YES_ERROR;
				GCC_WARN_UNDECLARED_SELECTOR = YES;
				GCC_WARN_UNINITIALIZED_AUTOS = YES_AGGRESSIVE;
				GCC_WARN_UNUSED_FUNCTION = YES;
				GCC_WARN_UNUSED_VARIABLE = YES;
				IPHONEOS_DEPLOYMENT_TARGET = 12.2;
				MTL_ENABLE_DEBUG_INFO = NO;
				MTL_FAST_MATH = YES;
				SDKROOT = iphoneos;
				SWIFT_COMPILATION_MODE = wholemodule;
				SWIFT_OPTIMIZATION_LEVEL = "-O";
				VALIDATE_PRODUCT = YES;
			};
			name = Release;
		};
		9342CE8C228717F4008C0470 /* Debug */ = {
			isa = XCBuildConfiguration;
			buildSettings = {
				ASSETCATALOG_COMPILER_APPICON_NAME = AppIcon;
				CODE_SIGN_STYLE = Automatic;
				DEVELOPMENT_TEAM = 9B7SB2V67V;
				INFOPLIST_FILE = MovieRating/Info.plist;
				LD_RUNPATH_SEARCH_PATHS = (
					"$(inherited)",
					"@executable_path/Frameworks",
				);
				PRODUCT_BUNDLE_IDENTIFIER = com.cagatay.MovieRating;
				PRODUCT_NAME = "$(TARGET_NAME)";
				SWIFT_VERSION = 5.0;
				TARGETED_DEVICE_FAMILY = "1,2";
			};
			name = Debug;
		};
		9342CE8D228717F4008C0470 /* Release */ = {
			isa = XCBuildConfiguration;
			buildSettings = {
				ASSETCATALOG_COMPILER_APPICON_NAME = AppIcon;
				CODE_SIGN_STYLE = Automatic;
				DEVELOPMENT_TEAM = 9B7SB2V67V;
				INFOPLIST_FILE = MovieRating/Info.plist;
				LD_RUNPATH_SEARCH_PATHS = (
					"$(inherited)",
					"@executable_path/Frameworks",
				);
				PRODUCT_BUNDLE_IDENTIFIER = com.cagatay.MovieRating;
				PRODUCT_NAME = "$(TARGET_NAME)";
				SWIFT_VERSION = 5.0;
				TARGETED_DEVICE_FAMILY = "1,2";
			};
			name = Release;
		};
		9342CE8F228717F4008C0470 /* Debug */ = {
			isa = XCBuildConfiguration;
			buildSettings = {
				ALWAYS_EMBED_SWIFT_STANDARD_LIBRARIES = YES;
				BUNDLE_LOADER = "$(TEST_HOST)";
				CODE_SIGN_STYLE = Automatic;
				DEVELOPMENT_TEAM = 9B7SB2V67V;
				INFOPLIST_FILE = MovieRatingTests/Info.plist;
				LD_RUNPATH_SEARCH_PATHS = (
					"$(inherited)",
					"@executable_path/Frameworks",
					"@loader_path/Frameworks",
				);
				PRODUCT_BUNDLE_IDENTIFIER = com.cagatay.MovieRatingTests;
				PRODUCT_NAME = "$(TARGET_NAME)";
				SWIFT_VERSION = 5.0;
				TARGETED_DEVICE_FAMILY = "1,2";
				TEST_HOST = "$(BUILT_PRODUCTS_DIR)/MovieRating.app/MovieRating";
			};
			name = Debug;
		};
		9342CE90228717F4008C0470 /* Release */ = {
			isa = XCBuildConfiguration;
			buildSettings = {
				ALWAYS_EMBED_SWIFT_STANDARD_LIBRARIES = YES;
				BUNDLE_LOADER = "$(TEST_HOST)";
				CODE_SIGN_STYLE = Automatic;
				DEVELOPMENT_TEAM = 9B7SB2V67V;
				INFOPLIST_FILE = MovieRatingTests/Info.plist;
				LD_RUNPATH_SEARCH_PATHS = (
					"$(inherited)",
					"@executable_path/Frameworks",
					"@loader_path/Frameworks",
				);
				PRODUCT_BUNDLE_IDENTIFIER = com.cagatay.MovieRatingTests;
				PRODUCT_NAME = "$(TARGET_NAME)";
				SWIFT_VERSION = 5.0;
				TARGETED_DEVICE_FAMILY = "1,2";
				TEST_HOST = "$(BUILT_PRODUCTS_DIR)/MovieRating.app/MovieRating";
			};
			name = Release;
		};
		9342CE92228717F4008C0470 /* Debug */ = {
			isa = XCBuildConfiguration;
			buildSettings = {
				ALWAYS_EMBED_SWIFT_STANDARD_LIBRARIES = YES;
				CODE_SIGN_STYLE = Automatic;
				DEVELOPMENT_TEAM = 9B7SB2V67V;
				INFOPLIST_FILE = MovieRatingUITests/Info.plist;
				LD_RUNPATH_SEARCH_PATHS = (
					"$(inherited)",
					"@executable_path/Frameworks",
					"@loader_path/Frameworks",
				);
				PRODUCT_BUNDLE_IDENTIFIER = com.cagatay.MovieRatingUITests;
				PRODUCT_NAME = "$(TARGET_NAME)";
				SWIFT_VERSION = 5.0;
				TARGETED_DEVICE_FAMILY = "1,2";
				TEST_TARGET_NAME = MovieRating;
			};
			name = Debug;
		};
		9342CE93228717F4008C0470 /* Release */ = {
			isa = XCBuildConfiguration;
			buildSettings = {
				ALWAYS_EMBED_SWIFT_STANDARD_LIBRARIES = YES;
				CODE_SIGN_STYLE = Automatic;
				DEVELOPMENT_TEAM = 9B7SB2V67V;
				INFOPLIST_FILE = MovieRatingUITests/Info.plist;
				LD_RUNPATH_SEARCH_PATHS = (
					"$(inherited)",
					"@executable_path/Frameworks",
					"@loader_path/Frameworks",
				);
				PRODUCT_BUNDLE_IDENTIFIER = com.cagatay.MovieRatingUITests;
				PRODUCT_NAME = "$(TARGET_NAME)";
				SWIFT_VERSION = 5.0;
				TARGETED_DEVICE_FAMILY = "1,2";
				TEST_TARGET_NAME = MovieRating;
			};
			name = Release;
		};
/* End XCBuildConfiguration section */

/* Begin XCConfigurationList section */
		9342CE5E228717F3008C0470 /* Build configuration list for PBXProject "MovieRating" */ = {
			isa = XCConfigurationList;
			buildConfigurations = (
				9342CE89228717F4008C0470 /* Debug */,
				9342CE8A228717F4008C0470 /* Release */,
			);
			defaultConfigurationIsVisible = 0;
			defaultConfigurationName = Release;
		};
		9342CE8B228717F4008C0470 /* Build configuration list for PBXNativeTarget "MovieRating" */ = {
			isa = XCConfigurationList;
			buildConfigurations = (
				9342CE8C228717F4008C0470 /* Debug */,
				9342CE8D228717F4008C0470 /* Release */,
			);
			defaultConfigurationIsVisible = 0;
			defaultConfigurationName = Release;
		};
		9342CE8E228717F4008C0470 /* Build configuration list for PBXNativeTarget "MovieRatingTests" */ = {
			isa = XCConfigurationList;
			buildConfigurations = (
				9342CE8F228717F4008C0470 /* Debug */,
				9342CE90228717F4008C0470 /* Release */,
			);
			defaultConfigurationIsVisible = 0;
			defaultConfigurationName = Release;
		};
		9342CE91228717F4008C0470 /* Build configuration list for PBXNativeTarget "MovieRatingUITests" */ = {
			isa = XCConfigurationList;
			buildConfigurations = (
				9342CE92228717F4008C0470 /* Debug */,
				9342CE93228717F4008C0470 /* Release */,
			);
			defaultConfigurationIsVisible = 0;
			defaultConfigurationName = Release;
		};
/* End XCConfigurationList section */
	};
	rootObject = 9342CE5B228717F3008C0470 /* Project object */;
}
